
Microsoft Visual Studio Solution File, Format Version 12.00
# Visual Studio Version 17
VisualStudioVersion = 17.13.35931.197 d17.13
MinimumVisualStudioVersion = 10.0.40219.1
Project("{FAE04EC0-301F-11D3-BF4B-00C04F79EFBC}") = "MusicCollection.SeleniumTests", "MusicCollection.SeleniumTests\MusicCollection.SeleniumTests.csproj", "{4131E38D-4B9E-4EDE-B6CB-AB5AB8B8AEFA}"
EndProject
Global
	GlobalSection(SolutionConfigurationPlatforms) = preSolution
		Debug|Any CPU = Debug|Any CPU
		Release|Any CPU = Release|Any CPU
	EndGlobalSection
	GlobalSection(ProjectConfigurationPlatforms) = postSolution
		{4131E38D-4B9E-4EDE-B6CB-AB5AB8B8AEFA}.Debug|Any CPU.ActiveCfg = Debug|Any CPU
		{4131E38D-4B9E-4EDE-B6CB-AB5AB8B8AEFA}.Debug|Any CPU.Build.0 = Debug|Any CPU
		{4131E38D-4B9E-4EDE-B6CB-AB5AB8B8AEFA}.Release|Any CPU.ActiveCfg = Release|Any CPU
		{4131E38D-4B9E-4EDE-B6CB-AB5AB8B8AEFA}.Release|Any CPU.Build.0 = Release|Any CPU
	EndGlobalSection
	GlobalSection(SolutionProperties) = preSolution
		HideSolutionNode = FALSE
	EndGlobalSection
	GlobalSection(ExtensibilityGlobals) = postSolution
		SolutionGuid = {426542B9-5E22-4FA8-A060-CD7477FA6D01}
	EndGlobalSection
EndGlobal
